
Microsoft Visual Studio Solution File, Format Version 12.00
Project("{FAE04EC0-301F-11D3-BF4B-00C04F79EFBC}") = "Auth-Hexagonal-Arch-Module", "Auth-Hexagonal-Arch-Module.csproj", "{FC6CC9F4-7C73-43D1-B706-345BAA723E67}"
EndProject
Global
	GlobalSection(SolutionConfigurationPlatforms) = preSolution
		Debug|Any CPU = Debug|Any CPU
		Release|Any CPU = Release|Any CPU
	EndGlobalSection
	GlobalSection(ProjectConfigurationPlatforms) = postSolution
		{FC6CC9F4-7C73-43D1-B706-345BAA723E67}.Debug|Any CPU.ActiveCfg = Debug|Any CPU
		{FC6CC9F4-7C73-43D1-B706-345BAA723E67}.Debug|Any CPU.Build.0 = Debug|Any CPU
		{FC6CC9F4-7C73-43D1-B706-345BAA723E67}.Release|Any CPU.ActiveCfg = Release|Any CPU
		{FC6CC9F4-7C73-43D1-B706-345BAA723E67}.Release|Any CPU.Build.0 = Release|Any CPU
	EndGlobalSection
EndGlobal
